
Microsoft Visual Studio Solution File, Format Version 12.00
# Visual Studio Version 17
VisualStudioVersion = 17.4.33103.184
MinimumVisualStudioVersion = 10.0.40219.1
Project("{FAE04EC0-301F-11D3-BF4B-00C04F79EFBC}") = "Streamish", "Streamish\Streamish.csproj", "{EF6261FF-B1E4-43A7-9253-AE21B347D93C}"
EndProject
Global
	GlobalSection(SolutionConfigurationPlatforms) = preSolution
		Debug|Any CPU = Debug|Any CPU
		Release|Any CPU = Release|Any CPU
	EndGlobalSection
	GlobalSection(ProjectConfigurationPlatforms) = postSolution
		{EF6261FF-B1E4-43A7-9253-AE21B347D93C}.Debug|Any CPU.ActiveCfg = Debug|Any CPU
		{EF6261FF-B1E4-43A7-9253-AE21B347D93C}.Debug|Any CPU.Build.0 = Debug|Any CPU
		{EF6261FF-B1E4-43A7-9253-AE21B347D93C}.Release|Any CPU.ActiveCfg = Release|Any CPU
		{EF6261FF-B1E4-43A7-9253-AE21B347D93C}.Release|Any CPU.Build.0 = Release|Any CPU
	EndGlobalSection
	GlobalSection(SolutionProperties) = preSolution
		HideSolutionNode = FALSE
	EndGlobalSection
	GlobalSection(ExtensibilityGlobals) = postSolution
		SolutionGuid = {DE45CCA5-2153-48DE-A35B-8368E5A66F9C}
	EndGlobalSection
EndGlobal
